
Microsoft Visual Studio Solution File, Format Version 12.00
# Visual Studio Version 17
VisualStudioVersion = 17.1.32421.90
MinimumVisualStudioVersion = 10.0.40219.1
Project("{FAE04EC0-301F-11D3-BF4B-00C04F79EFBC}") = "9110", "9110\9110.csproj", "{8A0CDE67-A40A-43C2-9833-7E71123C06C8}"
EndProject
Global
	GlobalSection(SolutionConfigurationPlatforms) = preSolution
		Debug|Any CPU = Debug|Any CPU
		Release|Any CPU = Release|Any CPU
	EndGlobalSection
	GlobalSection(ProjectConfigurationPlatforms) = postSolution
		{8A0CDE67-A40A-43C2-9833-7E71123C06C8}.Debug|Any CPU.ActiveCfg = Debug|Any CPU
		{8A0CDE67-A40A-43C2-9833-7E71123C06C8}.Debug|Any CPU.Build.0 = Debug|Any CPU
		{8A0CDE67-A40A-43C2-9833-7E71123C06C8}.Release|Any CPU.ActiveCfg = Release|Any CPU
		{8A0CDE67-A40A-43C2-9833-7E71123C06C8}.Release|Any CPU.Build.0 = Release|Any CPU
	EndGlobalSection
	GlobalSection(SolutionProperties) = preSolution
		HideSolutionNode = FALSE
	EndGlobalSection
	GlobalSection(ExtensibilityGlobals) = postSolution
		SolutionGuid = {D5D2B801-ABA6-4103-86F4-7D62A67A5C8D}
	EndGlobalSection
EndGlobal
